
Microsoft Visual Studio Solution File, Format Version 12.00
# Visual Studio Version 17
VisualStudioVersion = 17.3.32819.101
MinimumVisualStudioVersion = 10.0.40219.1
Project("{8BC9CEB8-8B4A-11D0-8D11-00A0C91BC942}") = "TsukiyomiEngine", "TsukiyomiEngine\TsukiyomiEngine.vcxproj", "{EDB400F9-18CE-4F6B-843B-A9A7CA5DB9BD}"
EndProject
Project("{FAE04EC0-301F-11D3-BF4B-00C04F79EFBC}") = "TsukiyomiEditor", "TsukiyomiEditor\TsukiyomiEditor.csproj", "{96181568-9E04-4587-8080-314490B4F91E}"
EndProject
Global
	GlobalSection(SolutionConfigurationPlatforms) = preSolution
		Debug|x64 = Debug|x64
		Debug|x86 = Debug|x86
		Release|x64 = Release|x64
		Release|x86 = Release|x86
	EndGlobalSection
	GlobalSection(ProjectConfigurationPlatforms) = postSolution
		{EDB400F9-18CE-4F6B-843B-A9A7CA5DB9BD}.Debug|x64.ActiveCfg = Debug|x64
		{EDB400F9-18CE-4F6B-843B-A9A7CA5DB9BD}.Debug|x64.Build.0 = Debug|x64
		{EDB400F9-18CE-4F6B-843B-A9A7CA5DB9BD}.Debug|x86.ActiveCfg = Debug|Win32
		{EDB400F9-18CE-4F6B-843B-A9A7CA5DB9BD}.Debug|x86.Build.0 = Debug|Win32
		{EDB400F9-18CE-4F6B-843B-A9A7CA5DB9BD}.Release|x64.ActiveCfg = Release|x64
		{EDB400F9-18CE-4F6B-843B-A9A7CA5DB9BD}.Release|x64.Build.0 = Release|x64
		{EDB400F9-18CE-4F6B-843B-A9A7CA5DB9BD}.Release|x86.ActiveCfg = Release|Win32
		{EDB400F9-18CE-4F6B-843B-A9A7CA5DB9BD}.Release|x86.Build.0 = Release|Win32
		{96181568-9E04-4587-8080-314490B4F91E}.Debug|x64.ActiveCfg = Debug|Any CPU
		{96181568-9E04-4587-8080-314490B4F91E}.Debug|x64.Build.0 = Debug|Any CPU
		{96181568-9E04-4587-8080-314490B4F91E}.Debug|x86.ActiveCfg = Debug|Any CPU
		{96181568-9E04-4587-8080-314490B4F91E}.Debug|x86.Build.0 = Debug|Any CPU
		{96181568-9E04-4587-8080-314490B4F91E}.Release|x64.ActiveCfg = Release|Any CPU
		{96181568-9E04-4587-8080-314490B4F91E}.Release|x64.Build.0 = Release|Any CPU
		{96181568-9E04-4587-8080-314490B4F91E}.Release|x86.ActiveCfg = Release|Any CPU
		{96181568-9E04-4587-8080-314490B4F91E}.Release|x86.Build.0 = Release|Any CPU
	EndGlobalSection
	GlobalSection(SolutionProperties) = preSolution
		HideSolutionNode = FALSE
	EndGlobalSection
	GlobalSection(ExtensibilityGlobals) = postSolution
		SolutionGuid = {63F6E23F-7C8D-4DA8-BBB2-298D9EE8F6A0}
	EndGlobalSection
EndGlobal
